
Microsoft Visual Studio Solution File, Format Version 12.00
# Visual Studio 2012
Project("{FAE04EC0-301F-11D3-BF4B-00C04F79EFBC}") = "wk21", "wk21\wk21.csproj", "{E78F1F15-F6EA-4366-A0C9-34EBA6DD6304}"
EndProject
Project("{FAE04EC0-301F-11D3-BF4B-00C04F79EFBC}") = "wk2_2", "wk2_2\wk2_2.csproj", "{47A283C5-E074-4AD8-AB08-85940B396AE6}"
EndProject
Global
	GlobalSection(SolutionConfigurationPlatforms) = preSolution
		Debug|Any CPU = Debug|Any CPU
		Release|Any CPU = Release|Any CPU
	EndGlobalSection
	GlobalSection(ProjectConfigurationPlatforms) = postSolution
		{E78F1F15-F6EA-4366-A0C9-34EBA6DD6304}.Debug|Any CPU.ActiveCfg = Debug|Any CPU
		{E78F1F15-F6EA-4366-A0C9-34EBA6DD6304}.Debug|Any CPU.Build.0 = Debug|Any CPU
		{E78F1F15-F6EA-4366-A0C9-34EBA6DD6304}.Release|Any CPU.ActiveCfg = Release|Any CPU
		{E78F1F15-F6EA-4366-A0C9-34EBA6DD6304}.Release|Any CPU.Build.0 = Release|Any CPU
		{47A283C5-E074-4AD8-AB08-85940B396AE6}.Debug|Any CPU.ActiveCfg = Debug|Any CPU
		{47A283C5-E074-4AD8-AB08-85940B396AE6}.Debug|Any CPU.Build.0 = Debug|Any CPU
		{47A283C5-E074-4AD8-AB08-85940B396AE6}.Release|Any CPU.ActiveCfg = Release|Any CPU
		{47A283C5-E074-4AD8-AB08-85940B396AE6}.Release|Any CPU.Build.0 = Release|Any CPU
	EndGlobalSection
	GlobalSection(SolutionProperties) = preSolution
		HideSolutionNode = FALSE
	EndGlobalSection
EndGlobal
